{
  "nodes": {
    "flake-parts": {
      "inputs": {
        "nixpkgs-lib": "nixpkgs-lib"
      },
      "locked": {
        "lastModified": 1788450739,
        "narHash": "sha256-glZLQlzIn1fXH6PazR2iUmTo7kzzyYSshrWhLS9TqCU=",
        "owner": "hercules-ci",
        "repo": "flake-parts",
        "rev": "31729ca8cbdb4fa927b34e5f4353e6a83f39e993",
        "type": "github"
      },
      "original": {
        "owner": "hercules-ci",
        "repo": "flake-parts",
        "type": "github"
      }
    },
    "import-tree": {
      "locked": {
        "lastModified": 1788467110,
        "narHash": "sha256-ljEMTXP/rH0tOvDzc9gzwww6KcHRPRnEHzd9lK48V7s=",
        "owner": "vic",
        "repo": "import-tree",
        "rev": "eb1b52eaecc57f7c136d07ae8a93e724dfecac46",
        "type": "github"
      },
      "original": {
        "owner": "vic",
        "repo": "import-tree",
        "type": "github"
      }
    },
    "mediatek-mt7927-dkms": {
      "flake": false,
      "locked": {
        "lastModified": 1789665870,
        "narHash": "sha256-hio0INRTgNPkNOW64q2p6jzRAthqihH/hZssn9OgL8A=",
        "owner": "jetm",
        "repo": "mediatek-mt7927-dkms",
        "rev": "d4c7b6d4ed0c51aa93953c7e092d6d9e2a097e2a",
        "type": "github"
      },
      "original": {
        "owner": "jetm",
        "repo": "mediatek-mt7927-dkms",
        "type": "github"
      }
    },
    "mt7927": {
      "inputs": {
        "mediatek-mt7927-dkms": "mediatek-mt7927-dkms",
        "nixpkgs": "nixpkgs"
      },
      "locked": {
        "lastModified": 1789668053,
        "narHash": "sha256-crZ2Uvd5/Q8+3JTj92ROYm56ULDG1XrobqKcfkp57qw=",
        "owner": "cmspam",
        "repo": "mt7927-nixos",
        "rev": "ea84db64d7921558beed1be977847a8d376efb1a",
        "type": "github"
      },
      "original": {
        "owner": "cmspam",
        "repo": "mt7927-nixos",
        "type": "github"
      }
    },
    "nixpkgs": {
      "locked": {
        "lastModified": 1789546076,
        "narHash": "sha256-zVxLZiSnmaaPLwnhj7pwmqe3axBg/C6nG5JZsJMh2g4=",
        "owner": "NixOS",
        "repo": "nixpkgs",
        "rev": "b1b875982b17dabde9b4a37f3e229e74913e6db3",
        "type": "github"
      },
      "original": {
        "owner": "NixOS",
        "ref": "nixos-unstable",
        "repo": "nixpkgs",
        "type": "github"
      }
    },
    "nixpkgs-lib": {
      "locked": {
        "lastModified": 1788057806,
        "narHash": "sha256-DTQSMxzDWmT0zhguthvegnVkn7CFqGCv4IHCzk5ZUpM=",
        "owner": "nix-community",
        "repo": "nixpkgs.lib",
        "rev": "596e2e3940e09b2abbeb03f75fa1828c57fcd72c",
        "type": "github"
      },
      "original": {
        "owner": "nix-community",
        "repo": "nixpkgs.lib",
        "type": "github"
      }
    },
    "nixpkgs_2": {
      "locked": {
        "lastModified": 1789546076,
        "narHash": "sha256-zVxLZiSnmaaPLwnhj7pwmqe3axBg/C6nG5JZsJMh2g4=",
        "owner": "nixos",
        "repo": "nixpkgs",
        "rev": "b1b875982b17dabde9b4a37f3e229e74913e6db3",
        "type": "github"
      },
      "original": {
        "owner": "nixos",
        "ref": "nixos-unstable",
        "repo": "nixpkgs",
        "type": "github"
      }
    },
    "nixpkgs_3": {
      "locked": {
        "lastModified": 1788431191,
        "narHash": "sha256-MFClkboDeW56feBCAeAV3Z3J2quGSZFlAOXQ4JjIlIA=",
        "owner": "NixOS",
        "repo": "nixpkgs",
        "rev": "9b9402b959a2276982ddd5ad3652a38b97f7c40b",
        "type": "github"
      },
      "original": {
        "owner": "NixOS",
        "ref": "nixpkgs-unstable",
        "repo": "nixpkgs",
        "type": "github"
      }
    },
    "noctalia": {
      "inputs": {
        "nixpkgs": [
          "nixpkgs"
        ]
      },
      "locked": {
        "lastModified": 1789611680,
        "narHash": "sha256-obiNV+juEjUYDDusgYQukjLyoVsJJPmYppmjvIEfkSg=",
        "owner": "noctalia-dev",
        "repo": "noctalia",
        "rev": "8c52cb71b5bcafbf67bfb8e659f1fc45f882a008",
        "type": "github"
      },
      "original": {
        "owner": "noctalia-dev",
        "repo": "noctalia",
        "type": "github"
      }
    },
    "noctalia-greeter": {
      "inputs": {
        "nixpkgs": [
          "nixpkgs"
        ]
      },
      "locked": {
        "lastModified": 1789367673,
        "narHash": "sha256-EUAnyaH/qpAaNWrgtARuPK7Lnow2kwnZBwnQDmsIERU=",
        "owner": "noctalia-dev",
        "repo": "noctalia-greeter",
        "rev": "d9fe1d7851464a923020d39efae8a6e3561f0d63",
        "type": "github"
      },
      "original": {
        "owner": "noctalia-dev",
        "repo": "noctalia-greeter",
        "type": "github"
      }
    },
    "root": {
      "inputs": {
        "flake-parts": "flake-parts",
        "import-tree": "import-tree",
        "mt7927": "mt7927",
        "nixpkgs": "nixpkgs_2",
        "noctalia": "noctalia",
        "noctalia-greeter": "noctalia-greeter",
        "spicetify-nix": "spicetify-nix",
        "umbriel": "umbriel",
        "wrappers": "wrappers"
      }
    },
    "spicetify-nix": {
      "inputs": {
        "nixpkgs": [
          "nixpkgs"
        ],
        "systems": "systems"
      },
      "locked": {
        "lastModified": 1789291406,
        "narHash": "sha256-lfZ7yAaTZMuAzOSLjJ7ivrKIFk0E11koWTVgkWSXwuE=",
        "owner": "Gerg-L",
        "repo": "spicetify-nix",
        "rev": "09eed5c95105aada9ffabd4c7eb6b345dc4ba66f",
        "type": "github"
      },
      "original": {
        "owner": "Gerg-L",
        "repo": "spicetify-nix",
        "type": "github"
      }
    },
    "systems": {
      "locked": {
        "lastModified": 1681028828,
        "narHash": "sha256-Vy1rq5AaRuLzOxct8nz4T6wlgyUR7zLU309k9mBC768=",
        "owner": "nix-systems",
        "repo": "default",
        "rev": "da67096a3b9bf56a91d16901293e51ba5b49a27e",
        "type": "github"
      },
      "original": {
        "owner": "nix-systems",
        "repo": "default",
        "type": "github"
      }
    },
    "umbriel": {
      "inputs": {
        "nixpkgs": [
          "nixpkgs"
        ],
        "xdg-desktop-portal-umbriel": "xdg-desktop-portal-umbriel"
      },
      "locked": {
        "lastModified": 1789667019,
        "narHash": "sha256-l7PaRFB5z7dOQfH4NE1xOyqbjf6njCsh7h6ADyGNh3c=",
        "owner": "noctalia-dev",
        "repo": "umbriel",
        "rev": "aa9d523cf91d239d68d13fca413ac39a9547c9f1",
        "type": "github"
      },
      "original": {
        "owner": "noctalia-dev",
        "repo": "umbriel",
        "type": "github"
      }
    },
    "wrappers": {
      "inputs": {
        "nixpkgs": "nixpkgs_3"
      },
      "locked": {
        "lastModified": 1788981141,
        "narHash": "sha256-7xWS16u13YGlRNKWaAPzRbEyh4OLOXJe31k7h4AnXNU=",
        "owner": "BirdeeHub",
        "repo": "nix-wrapper-modules",
        "rev": "1db3c116a6aa61823f8d8f3c47c306846428fc54",
        "type": "github"
      },
      "original": {
        "owner": "BirdeeHub",
        "repo": "nix-wrapper-modules",
        "type": "github"
      }
    },
    "xdg-desktop-portal-umbriel": {
      "inputs": {
        "nixpkgs": [
          "umbriel",
          "nixpkgs"
        ]
      },
      "locked": {
        "lastModified": 1788800127,
        "narHash": "sha256-x2D1TiCn0rTwbA8darNxthxOWOCoZLwefptsUM7587I=",
        "owner": "noctalia-dev",
        "repo": "xdg-desktop-portal-umbriel",
        "rev": "d7a1bc386c2a6dfaecaa953165f9f373735c9ee0",
        "type": "github"
      },
      "original": {
        "owner": "noctalia-dev",
        "repo": "xdg-desktop-portal-umbriel",
        "type": "github"
      }
    }
  },
  "root": "root",
  "version": 7
}
